PODS:
  - AHFuture (0.1.7):
    - ALEither
  - AHNetwork (0.1.9):
    - AHFuture
  - ALEither (0.1.6)

DEPENDENCIES:
  - AHNetwork (from `../`)

EXTERNAL SOURCES:
  AHNetwork:
    :path: ../

SPEC CHECKSUMS:
  AHFuture: 1a40f591f91403240a25e9d798dbc693c2d679e0
  AHNetwork: 426e89335e94daeb4c3a4577ade4421eced640c4
  ALEither: f9a44e33ec55df529b8202ae7683df126c6d3329

PODFILE CHECKSUM: b2eee8774fc110ddaf0253d924e91082c209fe78

COCOAPODS: 1.4.0.beta.2
