PODS:
  - AHNetwork (0.3.0):
    - ALEither
    - EitherResult
  - ALEither (0.1.8)
  - EitherResult (0.1.5)

DEPENDENCIES:
  - AHNetwork (from `../`)

SPEC REPOS:
  trunk:
    - ALEither
    - EitherResult

EXTERNAL SOURCES:
  AHNetwork:
    :path: "../"

SPEC CHECKSUMS:
  AHNetwork: c615e880ffa57f7a5d12726179fb533a0e933ee5
  ALEither: 57cfaba77b3a2c2e15741b16213b515d9bc839a6
  EitherResult: 9a67a8cd25fa6d6f8ded0e7304ea2eb302bcbbc8

PODFILE CHECKSUM: b2eee8774fc110ddaf0253d924e91082c209fe78

COCOAPODS: 1.8.4
