{
  "object": {
    "pins": [
      {
        "package": "ALResult",
        "repositoryURL": "https://github.com/Swift-Gurus/ALResult.git",
        "state": {
          "branch": null,
          "revision": "c3a5383bc7505fa872d8340ebb603aa03bfb6d4d",
          "version": "0.2.0"
        }
      }
    ]
  },
  "version": 1
}
